// !$*UTF8*$!
{
	archiveVersion = 1;
	classes = {
	};
	objectVersion = 50;
	objects = {

/* Begin PBXBuildFile section */
		381A73ED6C5A9992C36853FF /* libPods-Wine_Searcher.a in Frameworks */ = {isa = PBXBuildFile; fileRef = B3DE05E0EEDDD87E4512C15E /* libPods-Wine_Searcher.a */; };
		890C3FE422D38840000799A0 /* _main.swift in Sources */ = {isa = PBXBuildFile; fileRef = 890C3FE322D38840000799A0 /* _main.swift */; };
		890C3FEB22DE23E8000799A0 /* RowsReader.swift in Sources */ = {isa = PBXBuildFile; fileRef = 890C3FEA22DE23E8000799A0 /* RowsReader.swift */; };
		890C3FED22DE3010000799A0 /* RowParser.swift in Sources */ = {isa = PBXBuildFile; fileRef = 890C3FEC22DE3010000799A0 /* RowParser.swift */; };
		890C3FEF22DE34B2000799A0 /* MerchantSpecificWorkFlow.swift in Sources */ = {isa = PBXBuildFile; fileRef = 890C3FEE22DE34B2000799A0 /* MerchantSpecificWorkFlow.swift */; };
		890C3FF122DEA353000799A0 /* WineSearchProcedure.swift in Sources */ = {isa = PBXBuildFile; fileRef = 890C3FF022DEA353000799A0 /* WineSearchProcedure.swift */; };
		89E258C822DEC7EE00FE227E /* main.swift in Sources */ = {isa = PBXBuildFile; fileRef = 89E258C722DEC7EE00FE227E /* main.swift */; };
		89E258CA22DEDDA200FE227E /* RowsWriter.swift in Sources */ = {isa = PBXBuildFile; fileRef = 89E258C922DEDDA200FE227E /* RowsWriter.swift */; };
/* End PBXBuildFile section */

/* Begin PBXCopyFilesBuildPhase section */
		890C3FDE22D38840000799A0 /* CopyFiles */ = {
			isa = PBXCopyFilesBuildPhase;
			buildActionMask = 2147483647;
			dstPath = /usr/share/man/man1/;
			dstSubfolderSpec = 0;
			files = (
			);
			runOnlyForDeploymentPostprocessing = 1;
		};
/* End PBXCopyFilesBuildPhase section */

/* Begin PBXFileReference section */
		1E3ACD78E0A4FD9C488FD8FB /* Pods-Wine_Searcher.release.xcconfig */ = {isa = PBXFileReference; includeInIndex = 1; lastKnownFileType = text.xcconfig; name = "Pods-Wine_Searcher.release.xcconfig"; path = "Pods/Target Support Files/Pods-Wine_Searcher/Pods-Wine_Searcher.release.xcconfig"; sourceTree = "<group>"; };
		890C3FE022D38840000799A0 /* Wine_Searcher */ = {isa = PBXFileReference; explicitFileType = "compiled.mach-o.executable"; includeInIndex = 0; path = Wine_Searcher; sourceTree = BUILT_PRODUCTS_DIR; };
		890C3FE322D38840000799A0 /* _main.swift */ = {isa = PBXFileReference; lastKnownFileType = sourcecode.swift; path = _main.swift; sourceTree = "<group>"; };
		890C3FEA22DE23E8000799A0 /* RowsReader.swift */ = {isa = PBXFileReference; lastKnownFileType = sourcecode.swift; path = RowsReader.swift; sourceTree = "<group>"; };
		890C3FEC22DE3010000799A0 /* RowParser.swift */ = {isa = PBXFileReference; lastKnownFileType = sourcecode.swift; path = RowParser.swift; sourceTree = "<group>"; };
		890C3FEE22DE34B2000799A0 /* MerchantSpecificWorkFlow.swift */ = {isa = PBXFileReference; lastKnownFileType = sourcecode.swift; path = MerchantSpecificWorkFlow.swift; sourceTree = "<group>"; };
		890C3FF022DEA353000799A0 /* WineSearchProcedure.swift */ = {isa = PBXFileReference; lastKnownFileType = sourcecode.swift; path = WineSearchProcedure.swift; sourceTree = "<group>"; };
		89E258C722DEC7EE00FE227E /* main.swift */ = {isa = PBXFileReference; lastKnownFileType = sourcecode.swift; path = main.swift; sourceTree = "<group>"; };
		89E258C922DEDDA200FE227E /* RowsWriter.swift */ = {isa = PBXFileReference; lastKnownFileType = sourcecode.swift; path = RowsWriter.swift; sourceTree = "<group>"; };
		8F310346EF3DB499F2AF5166 /* Pods-Wine_Searcher.debug.xcconfig */ = {isa = PBXFileReference; includeInIndex = 1; lastKnownFileType = text.xcconfig; name = "Pods-Wine_Searcher.debug.xcconfig"; path = "Pods/Target Support Files/Pods-Wine_Searcher/Pods-Wine_Searcher.debug.xcconfig"; sourceTree = "<group>"; };
		B3DE05E0EEDDD87E4512C15E /* libPods-Wine_Searcher.a */ = {isa = PBXFileReference; explicitFileType = archive.ar; includeInIndex = 0; path = "libPods-Wine_Searcher.a"; sourceTree = BUILT_PRODUCTS_DIR; };
/* End PBXFileReference section */

/* Begin PBXFrameworksBuildPhase section */
		890C3FDD22D38840000799A0 /* Frameworks */ = {
			isa = PBXFrameworksBuildPhase;
			buildActionMask = 2147483647;
			files = (
				381A73ED6C5A9992C36853FF /* libPods-Wine_Searcher.a in Frameworks */,
			);
			runOnlyForDeploymentPostprocessing = 0;
		};
/* End PBXFrameworksBuildPhase section */

/* Begin PBXGroup section */
		51C917D7B437E91CDF409B1F /* Pods */ = {
			isa = PBXGroup;
			children = (
				8F310346EF3DB499F2AF5166 /* Pods-Wine_Searcher.debug.xcconfig */,
				1E3ACD78E0A4FD9C488FD8FB /* Pods-Wine_Searcher.release.xcconfig */,
			);
			name = Pods;
			sourceTree = "<group>";
		};
		890C3FD722D38840000799A0 = {
			isa = PBXGroup;
			children = (
				890C3FE222D38840000799A0 /* Wine_Searcher */,
				890C3FE122D38840000799A0 /* Products */,
				51C917D7B437E91CDF409B1F /* Pods */,
				DD8C5C70614AA7C81636F5A0 /* Frameworks */,
			);
			sourceTree = "<group>";
		};
		890C3FE122D38840000799A0 /* Products */ = {
			isa = PBXGroup;
			children = (
				890C3FE022D38840000799A0 /* Wine_Searcher */,
			);
			name = Products;
			sourceTree = "<group>";
		};
		890C3FE222D38840000799A0 /* Wine_Searcher */ = {
			isa = PBXGroup;
			children = (
				890C3FE322D38840000799A0 /* _main.swift */,
				890C3FEA22DE23E8000799A0 /* RowsReader.swift */,
				890C3FEC22DE3010000799A0 /* RowParser.swift */,
				890C3FEE22DE34B2000799A0 /* MerchantSpecificWorkFlow.swift */,
				890C3FF022DEA353000799A0 /* WineSearchProcedure.swift */,
				89E258C722DEC7EE00FE227E /* main.swift */,
				89E258C922DEDDA200FE227E /* RowsWriter.swift */,
			);
			path = Wine_Searcher;
			sourceTree = "<group>";
		};
		DD8C5C70614AA7C81636F5A0 /* Frameworks */ = {
			isa = PBXGroup;
			children = (
				B3DE05E0EEDDD87E4512C15E /* libPods-Wine_Searcher.a */,
			);
			name = Frameworks;
			sourceTree = "<group>";
		};
/* End PBXGroup section */

/* Begin PBXNativeTarget section */
		890C3FDF22D38840000799A0 /* Wine_Searcher */ = {
			isa = PBXNativeTarget;
			buildConfigurationList = 890C3FE722D38840000799A0 /* Build configuration list for PBXNativeTarget "Wine_Searcher" */;
			buildPhases = (
				F9A00A14414CFB294AB94AE5 /* [CP] Check Pods Manifest.lock */,
				890C3FDC22D38840000799A0 /* Sources */,
				890C3FDD22D38840000799A0 /* Frameworks */,
				890C3FDE22D38840000799A0 /* CopyFiles */,
			);
			buildRules = (
			);
			dependencies = (
			);
			name = Wine_Searcher;
			productName = Wine_Searcher;
			productReference = 890C3FE022D38840000799A0 /* Wine_Searcher */;
			productType = "com.apple.product-type.tool";
		};
/* End PBXNativeTarget section */

/* Begin PBXProject section */
		890C3FD822D38840000799A0 /* Project object */ = {
			isa = PBXProject;
			attributes = {
				LastSwiftUpdateCheck = 1010;
				LastUpgradeCheck = 1010;
				ORGANIZATIONNAME = "Paper Scratch";
				TargetAttributes = {
					890C3FDF22D38840000799A0 = {
						CreatedOnToolsVersion = 10.1;
					};
				};
			};
			buildConfigurationList = 890C3FDB22D38840000799A0 /* Build configuration list for PBXProject "Wine_Searcher" */;
			compatibilityVersion = "Xcode 9.3";
			developmentRegion = en;
			hasScannedForEncodings = 0;
			knownRegions = (
				en,
			);
			mainGroup = 890C3FD722D38840000799A0;
			productRefGroup = 890C3FE122D38840000799A0 /* Products */;
			projectDirPath = "";
			projectRoot = "";
			targets = (
				890C3FDF22D38840000799A0 /* Wine_Searcher */,
			);
		};
/* End PBXProject section */

/* Begin PBXShellScriptBuildPhase section */
		F9A00A14414CFB294AB94AE5 /* [CP] Check Pods Manifest.lock */ = {
			isa = PBXShellScriptBuildPhase;
			buildActionMask = 2147483647;
			files = (
			);
			inputPaths = (
				"${PODS_PODFILE_DIR_PATH}/Podfile.lock",
				"${PODS_ROOT}/Manifest.lock",
			);
			name = "[CP] Check Pods Manifest.lock";
			outputPaths = (
				"$(DERIVED_FILE_DIR)/Pods-Wine_Searcher-checkManifestLockResult.txt",
			);
			runOnlyForDeploymentPostprocessing = 0;
			shellPath = /bin/sh;
			shellScript = "diff \"${PODS_PODFILE_DIR_PATH}/Podfile.lock\" \"${PODS_ROOT}/Manifest.lock\" > /dev/null\nif [ $? != 0 ] ; then\n    # print error to STDERR\n    echo \"error: The sandbox is not in sync with the Podfile.lock. Run 'pod install' or update your CocoaPods installation.\" >&2\n    exit 1\nfi\n# This output is used by Xcode 'outputs' to avoid re-running this script phase.\necho \"SUCCESS\" > \"${SCRIPT_OUTPUT_FILE_0}\"\n";
			showEnvVarsInLog = 0;
		};
/* End PBXShellScriptBuildPhase section */

/* Begin PBXSourcesBuildPhase section */
		890C3FDC22D38840000799A0 /* Sources */ = {
			isa = PBXSourcesBuildPhase;
			buildActionMask = 2147483647;
			files = (
				890C3FE422D38840000799A0 /* _main.swift in Sources */,
				890C3FF122DEA353000799A0 /* WineSearchProcedure.swift in Sources */,
				89E258CA22DEDDA200FE227E /* RowsWriter.swift in Sources */,
				89E258C822DEC7EE00FE227E /* main.swift in Sources */,
				890C3FED22DE3010000799A0 /* RowParser.swift in Sources */,
				890C3FEF22DE34B2000799A0 /* MerchantSpecificWorkFlow.swift in Sources */,
				890C3FEB22DE23E8000799A0 /* RowsReader.swift in Sources */,
			);
			runOnlyForDeploymentPostprocessing = 0;
		};
/* End PBXSourcesBuildPhase section */

/* Begin XCBuildConfiguration section */
		890C3FE522D38840000799A0 /* Debug */ = {
			isa = XCBuildConfiguration;
			buildSettings = {
				ALWAYS_SEARCH_USER_PATHS = NO;
				CLANG_ANALYZER_NONNULL = YES;
				CLANG_ANALYZER_NUMBER_OBJECT_CONVERSION = YES_AGGRESSIVE;
				CLANG_CXX_LANGUAGE_STANDARD = "gnu++14";
				CLANG_CXX_LIBRARY = "libc++";
				CLANG_ENABLE_MODULES = YES;
				CLANG_ENABLE_OBJC_ARC = YES;
				CLANG_ENABLE_OBJC_WEAK = YES;
				CLANG_WARN_BLOCK_CAPTURE_AUTORELEASING = YES;
				CLANG_WARN_BOOL_CONVERSION = YES;
				CLANG_WARN_COMMA = YES;
				CLANG_WARN_CONSTANT_CONVERSION = YES;
				CLANG_WARN_DEPRECATED_OBJC_IMPLEMENTATIONS = YES;
				CLANG_WARN_DIRECT_OBJC_ISA_USAGE = YES_ERROR;
				CLANG_WARN_DOCUMENTATION_COMMENTS = YES;
				CLANG_WARN_EMPTY_BODY = YES;
				CLANG_WARN_ENUM_CONVERSION = YES;
				CLANG_WARN_INFINITE_RECURSION = YES;
				CLANG_WARN_INT_CONVERSION = YES;
				CLANG_WARN_NON_LITERAL_NULL_CONVERSION = YES;
				CLANG_WARN_OBJC_IMPLICIT_RETAIN_SELF = YES;
				CLANG_WARN_OBJC_LITERAL_CONVERSION = YES;
				CLANG_WARN_OBJC_ROOT_CLASS = YES_ERROR;
				CLANG_WARN_RANGE_LOOP_ANALYSIS = YES;
				CLANG_WARN_STRICT_PROTOTYPES = YES;
				CLANG_WARN_SUSPICIOUS_MOVE = YES;
				CLANG_WARN_UNGUARDED_AVAILABILITY = YES_AGGRESSIVE;
				CLANG_WARN_UNREACHABLE_CODE = YES;
				CLANG_WARN__DUPLICATE_METHOD_MATCH = YES;
				CODE_SIGN_IDENTITY = "Mac Developer";
				COPY_PHASE_STRIP = NO;
				DEBUG_INFORMATION_FORMAT = dwarf;
				ENABLE_STRICT_OBJC_MSGSEND = YES;
				ENABLE_TESTABILITY = YES;
				GCC_C_LANGUAGE_STANDARD = gnu11;
				GCC_DYNAMIC_NO_PIC = NO;
				GCC_NO_COMMON_BLOCKS = YES;
				GCC_OPTIMIZATION_LEVEL = 0;
				GCC_PREPROCESSOR_DEFINITIONS = (
					"DEBUG=1",
					"$(inherited)",
				);
				GCC_WARN_64_TO_32_BIT_CONVERSION = YES;
				GCC_WARN_ABOUT_RETURN_TYPE = YES_ERROR;
				GCC_WARN_UNDECLARED_SELECTOR = YES;
				GCC_WARN_UNINITIALIZED_AUTOS = YES_AGGRESSIVE;
				GCC_WARN_UNUSED_FUNCTION = YES;
				GCC_WARN_UNUSED_VARIABLE = YES;
				MACOSX_DEPLOYMENT_TARGET = 10.14;
				MTL_ENABLE_DEBUG_INFO = INCLUDE_SOURCE;
				MTL_FAST_MATH = YES;
				ONLY_ACTIVE_ARCH = YES;
				SDKROOT = macosx;
				SWIFT_ACTIVE_COMPILATION_CONDITIONS = DEBUG;
				SWIFT_OPTIMIZATION_LEVEL = "-Onone";
			};
			name = Debug;
		};
		890C3FE622D38840000799A0 /* Release */ = {
			isa = XCBuildConfiguration;
			buildSettings = {
				ALWAYS_SEARCH_USER_PATHS = NO;
				CLANG_ANALYZER_NONNULL = YES;
				CLANG_ANALYZER_NUMBER_OBJECT_CONVERSION = YES_AGGRESSIVE;
				CLANG_CXX_LANGUAGE_STANDARD = "gnu++14";
				CLANG_CXX_LIBRARY = "libc++";
				CLANG_ENABLE_MODULES = YES;
				CLANG_ENABLE_OBJC_ARC = YES;
				CLANG_ENABLE_OBJC_WEAK = YES;
				CLANG_WARN_BLOCK_CAPTURE_AUTORELEASING = YES;
				CLANG_WARN_BOOL_CONVERSION = YES;
				CLANG_WARN_COMMA = YES;
				CLANG_WARN_CONSTANT_CONVERSION = YES;
				CLANG_WARN_DEPRECATED_OBJC_IMPLEMENTATIONS = YES;
				CLANG_WARN_DIRECT_OBJC_ISA_USAGE = YES_ERROR;
				CLANG_WARN_DOCUMENTATION_COMMENTS = YES;
				CLANG_WARN_EMPTY_BODY = YES;
				CLANG_WARN_ENUM_CONVERSION = YES;
				CLANG_WARN_INFINITE_RECURSION = YES;
				CLANG_WARN_INT_CONVERSION = YES;
				CLANG_WARN_NON_LITERAL_NULL_CONVERSION = YES;
				CLANG_WARN_OBJC_IMPLICIT_RETAIN_SELF = YES;
				CLANG_WARN_OBJC_LITERAL_CONVERSION = YES;
				CLANG_WARN_OBJC_ROOT_CLASS = YES_ERROR;
				CLANG_WARN_RANGE_LOOP_ANALYSIS = YES;
				CLANG_WARN_STRICT_PROTOTYPES = YES;
				CLANG_WARN_SUSPICIOUS_MOVE = YES;
				CLANG_WARN_UNGUARDED_AVAILABILITY = YES_AGGRESSIVE;
				CLANG_WARN_UNREACHABLE_CODE = YES;
				CLANG_WARN__DUPLICATE_METHOD_MATCH = YES;
				CODE_SIGN_IDENTITY = "Mac Developer";
				COPY_PHASE_STRIP = NO;
				DEBUG_INFORMATION_FORMAT = "dwarf-with-dsym";
				ENABLE_NS_ASSERTIONS = NO;
				ENABLE_STRICT_OBJC_MSGSEND = YES;
				GCC_C_LANGUAGE_STANDARD = gnu11;
				GCC_NO_COMMON_BLOCKS = YES;
				GCC_WARN_64_TO_32_BIT_CONVERSION = YES;
				GCC_WARN_ABOUT_RETURN_TYPE = YES_ERROR;
				GCC_WARN_UNDECLARED_SELECTOR = YES;
				GCC_WARN_UNINITIALIZED_AUTOS = YES_AGGRESSIVE;
				GCC_WARN_UNUSED_FUNCTION = YES;
				GCC_WARN_UNUSED_VARIABLE = YES;
				MACOSX_DEPLOYMENT_TARGET = 10.14;
				MTL_ENABLE_DEBUG_INFO = NO;
				MTL_FAST_MATH = YES;
				SDKROOT = macosx;
				SWIFT_COMPILATION_MODE = wholemodule;
				SWIFT_OPTIMIZATION_LEVEL = "-O";
			};
			name = Release;
		};
		890C3FE822D38840000799A0 /* Debug */ = {
			isa = XCBuildConfiguration;
			baseConfigurationReference = 8F310346EF3DB499F2AF5166 /* Pods-Wine_Searcher.debug.xcconfig */;
			buildSettings = {
				CODE_SIGN_STYLE = Automatic;
				DEVELOPMENT_TEAM = HTG5RPJ6QF;
				PRODUCT_NAME = "$(TARGET_NAME)";
				SWIFT_VERSION = 4.2;
			};
			name = Debug;
		};
		890C3FE922D38840000799A0 /* Release */ = {
			isa = XCBuildConfiguration;
			baseConfigurationReference = 1E3ACD78E0A4FD9C488FD8FB /* Pods-Wine_Searcher.release.xcconfig */;
			buildSettings = {
				CODE_SIGN_STYLE = Automatic;
				DEVELOPMENT_TEAM = HTG5RPJ6QF;
				PRODUCT_NAME = "$(TARGET_NAME)";
				SWIFT_VERSION = 4.2;
			};
			name = Release;
		};
/* End XCBuildConfiguration section */

/* Begin XCConfigurationList section */
		890C3FDB22D38840000799A0 /* Build configuration list for PBXProject "Wine_Searcher" */ = {
			isa = XCConfigurationList;
			buildConfigurations = (
				890C3FE522D38840000799A0 /* Debug */,
				890C3FE622D38840000799A0 /* Release */,
			);
			defaultConfigurationIsVisible = 0;
			defaultConfigurationName = Release;
		};
		890C3FE722D38840000799A0 /* Build configuration list for PBXNativeTarget "Wine_Searcher" */ = {
			isa = XCConfigurationList;
			buildConfigurations = (
				890C3FE822D38840000799A0 /* Debug */,
				890C3FE922D38840000799A0 /* Release */,
			);
			defaultConfigurationIsVisible = 0;
			defaultConfigurationName = Release;
		};
/* End XCConfigurationList section */
	};
	rootObject = 890C3FD822D38840000799A0 /* Project object */;
}
